{
  "object": {
    "pins": [
      {
        "package": "ctemplate",
        "repositoryURL": "https://github.com/readdle/ctemplate.git",
        "state": {
          "branch": null,
          "revision": "a56e2d43eb57dc1e132a96f0fd9e4df198d1c35b",
          "version": "2.2.3-readdle.4"
        }
      },
      {
        "package": "etpan",
        "repositoryURL": "https://github.com/readdle/libetpan.git",
        "state": {
          "branch": null,
          "revision": "205e238f31f86c4a1f45fda2ff8a9bf7ebbb25a5",
          "version": "1.9.3-readdle.9"
        }
      },
      {
        "package": "unicode",
        "repositoryURL": "https://github.com/readdle/swift-unicode",
        "state": {
          "branch": null,
          "revision": "fb8aac372834ccb8fab0a5c1742df862d47c4156",
          "version": "68.2.0"
        }
      },
      {
        "package": "RDHtml5Tidy",
        "repositoryURL": "https://github.com/readdle/tidy-html5.git",
        "state": {
          "branch": null,
          "revision": "fa323fa658e17ea66a406195e0dd423a4266d82e",
          "version": "5.4.0-readdle.29"
        }
      }
    ]
  },
  "version": 1
}
