{
  "object": {
    "pins": [
      {
        "package": "ctemplate",
        "repositoryURL": "https://github.com/readdle/ctemplate.git",
        "state": {
          "branch": null,
          "revision": "a56e2d43eb57dc1e132a96f0fd9e4df198d1c35b",
          "version": "2.2.3-readdle.4"
        }
      },
      {
        "package": "etpan",
        "repositoryURL": "https://github.com/readdle/libetpan.git",
        "state": {
          "branch": null,
          "revision": "bdbf292a9c055bafb5f081c4972db95b36f5c892",
          "version": "1.9.3-readdle.7"
        }
      },
      {
        "package": "unicode",
        "repositoryURL": "https://github.com/readdle/swift-unicode",
        "state": {
          "branch": null,
          "revision": "fb8aac372834ccb8fab0a5c1742df862d47c4156",
          "version": "68.2.0"
        }
      },
      {
        "package": "RDHtml5Tidy",
        "repositoryURL": "https://github.com/readdle/tidy-html5.git",
        "state": {
          "branch": null,
          "revision": "fa68a7e0ebdc4deab6de668c85a8d8ccf2fb5b19",
          "version": "5.4.0-readdle.28"
        }
      }
    ]
  },
  "version": 1
}
